{
  "version": 4,
  "terraform_version": "1.15.5",
  "serial": 67,
  "lineage": "2898fa47-602f-e188-6795-d51b2f3ad059",
  "outputs": {},
  "resources": [
    {
      "mode": "managed",
      "type": "google_compute_firewall",
      "name": "allow_internal_db",
      "provider": "provider[\"registry.terraform.io/hashicorp/google\"]",
      "instances": [
        {
          "schema_version": 1,
          "attributes": {
            "allow": [
              {
                "ports": [
                  "3306"
                ],
                "protocol": "tcp"
              }
            ],
            "creation_timestamp": "2026-06-01T04:14:06.710-07:00",
            "deny": [],
            "description": "",
            "destination_ranges": [],
            "direction": "INGRESS",
            "disabled": false,
            "enable_logging": null,
            "id": "projects/tfg-asir-2026/global/firewalls/permitir-db-interna",
            "log_config": [],
            "name": "permitir-db-interna",
            "network": "https://www.googleapis.com/compute/v1/projects/tfg-asir-2026/global/networks/vpc-proyecto-asir",
            "priority": 1000,
            "project": "tfg-asir-2026",
            "self_link": "https://www.googleapis.com/compute/v1/projects/tfg-asir-2026/global/firewalls/permitir-db-interna",
            "source_ranges": [
              "10.0.1.0/24"
            ],
            "source_service_accounts": [],
            "source_tags": [],
            "target_service_accounts": [],
            "target_tags": [
              "base-datos"
            ],
            "timeouts": null
          },
          "sensitive_attributes": [],
          "identity_schema_version": 0,
          "private": "eyJlMmJmYjczMC1lY2FhLTExZTYtOGY4OC0zNDM2M2JjN2M0YzAiOnsiY3JlYXRlIjoxMjAwMDAwMDAwMDAwLCJkZWxldGUiOjEyMDAwMDAwMDAwMDAsInVwZGF0ZSI6MTIwMDAwMDAwMDAwMH0sInNjaGVtYV92ZXJzaW9uIjoiMSJ9",
          "dependencies": [
            "google_compute_network.vpc_asir"
          ]
        }
      ]
    },
    {
      "mode": "managed",
      "type": "google_compute_firewall",
      "name": "allow_ssh",
      "provider": "provider[\"registry.terraform.io/hashicorp/google\"]",
      "instances": [
        {
          "schema_version": 1,
          "attributes": {
            "allow": [
              {
                "ports": [
                  "22"
                ],
                "protocol": "tcp"
              }
            ],
            "creation_timestamp": "2026-06-01T04:14:07.001-07:00",
            "deny": [],
            "description": "",
            "destination_ranges": [],
            "direction": "INGRESS",
            "disabled": false,
            "enable_logging": null,
            "id": "projects/tfg-asir-2026/global/firewalls/permitir-ssh",
            "log_config": [],
            "name": "permitir-ssh",
            "network": "https://www.googleapis.com/compute/v1/projects/tfg-asir-2026/global/networks/vpc-proyecto-asir",
            "priority": 1000,
            "project": "tfg-asir-2026",
            "self_link": "https://www.googleapis.com/compute/v1/projects/tfg-asir-2026/global/firewalls/permitir-ssh",
            "source_ranges": [
              "0.0.0.0/0"
            ],
            "source_service_accounts": [],
            "source_tags": [],
            "target_service_accounts": [],
            "target_tags": [],
            "timeouts": null
          },
          "sensitive_attributes": [],
          "identity_schema_version": 0,
          "private": "eyJlMmJmYjczMC1lY2FhLTExZTYtOGY4OC0zNDM2M2JjN2M0YzAiOnsiY3JlYXRlIjoxMjAwMDAwMDAwMDAwLCJkZWxldGUiOjEyMDAwMDAwMDAwMDAsInVwZGF0ZSI6MTIwMDAwMDAwMDAwMH0sInNjaGVtYV92ZXJzaW9uIjoiMSJ9",
          "dependencies": [
            "google_compute_network.vpc_asir"
          ]
        }
      ]
    },
    {
      "mode": "managed",
      "type": "google_compute_firewall",
      "name": "allow_web",
      "provider": "provider[\"registry.terraform.io/hashicorp/google\"]",
      "instances": [
        {
          "schema_version": 1,
          "attributes": {
            "allow": [
              {
                "ports": [
                  "80",
                  "443"
                ],
                "protocol": "tcp"
              }
            ],
            "creation_timestamp": "2026-06-01T04:14:06.916-07:00",
            "deny": [],
            "description": "",
            "destination_ranges": [],
            "direction": "INGRESS",
            "disabled": false,
            "enable_logging": null,
            "id": "projects/tfg-asir-2026/global/firewalls/permitir-web",
            "log_config": [],
            "name": "permitir-web",
            "network": "https://www.googleapis.com/compute/v1/projects/tfg-asir-2026/global/networks/vpc-proyecto-asir",
            "priority": 1000,
            "project": "tfg-asir-2026",
            "self_link": "https://www.googleapis.com/compute/v1/projects/tfg-asir-2026/global/firewalls/permitir-web",
            "source_ranges": [
              "0.0.0.0/0"
            ],
            "source_service_accounts": [],
            "source_tags": [],
            "target_service_accounts": [],
            "target_tags": [
              "servidor-web"
            ],
            "timeouts": null
          },
          "sensitive_attributes": [],
          "identity_schema_version": 0,
          "private": "eyJlMmJmYjczMC1lY2FhLTExZTYtOGY4OC0zNDM2M2JjN2M0YzAiOnsiY3JlYXRlIjoxMjAwMDAwMDAwMDAwLCJkZWxldGUiOjEyMDAwMDAwMDAwMDAsInVwZGF0ZSI6MTIwMDAwMDAwMDAwMH0sInNjaGVtYV92ZXJzaW9uIjoiMSJ9",
          "dependencies": [
            "google_compute_network.vpc_asir"
          ]
        }
      ]
    },
    {
      "mode": "managed",
      "type": "google_compute_instance",
      "name": "base_datos",
      "provider": "provider[\"registry.terraform.io/hashicorp/google\"]",
      "instances": [
        {
          "schema_version": 6,
          "attributes": {
            "advanced_machine_features": [],
            "allow_stopping_for_update": null,
            "attached_disk": [],
            "boot_disk": [
              {
                "auto_delete": true,
                "device_name": "persistent-disk-0",
                "disk_encryption_key_raw": "",
                "disk_encryption_key_sha256": "",
                "initialize_params": [
                  {
                    "image": "https://www.googleapis.com/compute/v1/projects/debian-cloud/global/images/debian-11-bullseye-v20260528",
                    "labels": {},
                    "resource_manager_tags": {},
                    "size": 10,
                    "type": "pd-standard"
                  }
                ],
                "kms_key_self_link": "",
                "mode": "READ_WRITE",
                "source": "https://www.googleapis.com/compute/v1/projects/tfg-asir-2026/zones/europe-southwest1-a/disks/servidor-db-asir"
              }
            ],
            "can_ip_forward": false,
            "confidential_instance_config": [],
            "cpu_platform": "Intel Broadwell",
            "current_status": "RUNNING",
            "deletion_protection": false,
            "description": "",
            "desired_status": null,
            "enable_display": false,
            "guest_accelerator": [],
            "hostname": "",
            "id": "projects/tfg-asir-2026/zones/europe-southwest1-a/instances/servidor-db-asir",
            "instance_id": "5392320130215630704",
            "label_fingerprint": "42WmSpB8rSM=",
            "labels": {},
            "machine_type": "e2-micro",
            "metadata": {},
            "metadata_fingerprint": "BZPM8kYbnwI=",
            "metadata_startup_script": "#!/bin/bash\n\n# Ajustar la zona horaria del servidor a España\ntimedatectl set-timezone Europe/Madrid\n\napt-get update\napt-get install -y mariadb-server\n    \n# Permitir que MariaDB escuche en la red interna\nsed -i 's/bind-address.*/bind-address = 0.0.0.0/' /etc/mysql/mariadb.conf.d/50-server.cnf\nsystemctl restart mariadb\nsystemctl enable mariadb\n\n# Configuración del motor de base de datos y privilegios\nmysql -e \"CREATE DATABASE IF NOT EXISTS tfg_db;\"\nmysql -e \"CREATE USER IF NOT EXISTS 'user_tfg'@'%' IDENTIFIED BY 'Password123!';\"\nmysql -e \"GRANT ALL PRIVILEGES ON tfg_db.* TO 'user_tfg'@'%';\"\nmysql -e \"FLUSH PRIVILEGES;\"\n    \n# Estructura de tablas y carga de datos iniciales para la demostración\nmysql -D tfg_db -e \"CREATE TABLE IF NOT EXISTS invitados (id INT AUTO_INCREMENT PRIMARY KEY, nombre VARCHAR(50), fecha TIMESTAMP DEFAULT CURRENT_TIMESTAMP);\"\nmysql -D tfg_db -e \"INSERT INTO invitados (nombre) VALUES ('Julio Sande (Administrador)'), ('Profesor del Tribunal'), ('Inversor Google Cloud');\"\n",
            "min_cpu_platform": "",
            "name": "servidor-db-asir",
            "network_interface": [
              {
                "access_config": [],
                "alias_ip_range": [],
                "internal_ipv6_prefix_length": 0,
                "ipv6_access_config": [],
                "ipv6_access_type": "",
                "ipv6_address": "",
                "name": "nic0",
                "network": "https://www.googleapis.com/compute/v1/projects/tfg-asir-2026/global/networks/vpc-proyecto-asir",
                "network_ip": "10.0.2.2",
                "nic_type": "",
                "queue_count": 0,
                "stack_type": "IPV4_ONLY",
                "subnetwork": "https://www.googleapis.com/compute/v1/projects/tfg-asir-2026/regions/europe-southwest1/subnetworks/subred-privada",
                "subnetwork_project": "tfg-asir-2026"
              }
            ],
            "network_performance_config": [],
            "params": [],
            "project": "tfg-asir-2026",
            "reservation_affinity": [],
            "resource_policies": [],
            "scheduling": [
              {
                "automatic_restart": true,
                "instance_termination_action": "",
                "local_ssd_recovery_timeout": [],
                "min_node_cpus": 0,
                "node_affinities": [],
                "on_host_maintenance": "MIGRATE",
                "preemptible": false,
                "provisioning_model": "STANDARD"
              }
            ],
            "scratch_disk": [],
            "self_link": "https://www.googleapis.com/compute/v1/projects/tfg-asir-2026/zones/europe-southwest1-a/instances/servidor-db-asir",
            "service_account": [],
            "shielded_instance_config": [
              {
                "enable_integrity_monitoring": true,
                "enable_secure_boot": false,
                "enable_vtpm": true
              }
            ],
            "tags": [
              "base-datos"
            ],
            "tags_fingerprint": "FsRtTSxDIPw=",
            "timeouts": null,
            "zone": "europe-southwest1-a"
          },
          "sensitive_attributes": [
            [
              {
                "type": "get_attr",
                "value": "boot_disk"
              },
              {
                "type": "index",
                "value": {
                  "value": 0,
                  "type": "number"
                }
              },
              {
                "type": "get_attr",
                "value": "disk_encryption_key_raw"
              }
            ]
          ],
          "identity_schema_version": 0,
          "private": "eyJlMmJmYjczMC1lY2FhLTExZTYtOGY4OC0zNDM2M2JjN2M0YzAiOnsiY3JlYXRlIjoxMjAwMDAwMDAwMDAwLCJkZWxldGUiOjEyMDAwMDAwMDAwMDAsInVwZGF0ZSI6MTIwMDAwMDAwMDAwMH0sInNjaGVtYV92ZXJzaW9uIjoiNiJ9",
          "dependencies": [
            "google_compute_network.vpc_asir",
            "google_compute_subnetwork.subred_privada"
          ]
        }
      ]
    },
    {
      "mode": "managed",
      "type": "google_compute_instance",
      "name": "servidor_web",
      "provider": "provider[\"registry.terraform.io/hashicorp/google\"]",
      "instances": [
        {
          "schema_version": 6,
          "attributes": {
            "advanced_machine_features": [],
            "allow_stopping_for_update": null,
            "attached_disk": [],
            "boot_disk": [
              {
                "auto_delete": true,
                "device_name": "persistent-disk-0",
                "disk_encryption_key_raw": "",
                "disk_encryption_key_sha256": "",
                "initialize_params": [
                  {
                    "image": "https://www.googleapis.com/compute/v1/projects/debian-cloud/global/images/debian-11-bullseye-v20260528",
                    "labels": {},
                    "resource_manager_tags": null,
                    "size": 10,
                    "type": "pd-standard"
                  }
                ],
                "kms_key_self_link": "",
                "mode": "READ_WRITE",
                "source": "https://www.googleapis.com/compute/v1/projects/tfg-asir-2026/zones/europe-southwest1-a/disks/servidor-web-asir"
              }
            ],
            "can_ip_forward": false,
            "confidential_instance_config": [],
            "cpu_platform": "Intel Broadwell",
            "current_status": "RUNNING",
            "deletion_protection": false,
            "description": "",
            "desired_status": null,
            "enable_display": false,
            "guest_accelerator": [],
            "hostname": "",
            "id": "projects/tfg-asir-2026/zones/europe-southwest1-a/instances/servidor-web-asir",
            "instance_id": "8764685033210435348",
            "label_fingerprint": "42WmSpB8rSM=",
            "labels": null,
            "machine_type": "e2-micro",
            "metadata": null,
            "metadata_fingerprint": "isDIjaSnZIQ=",
            "metadata_startup_script": "#!/bin/bash\n\n# Ajustar la zona horaria del servidor a España\ntimedatectl set-timezone Europe/Madrid\n\napt-get update\napt-get install -y apache2 php libapache2-mod-php php-mysql\nrm -f /var/www/html/index.html\n\ncat \u003c\u003c 'PHP_EOF' \u003e /var/www/html/index.php\n\u003c?php\n$servername = \"10.0.2.2\";\n$username = \"user_tfg\";\n$password = \"Password123!\";\n$dbname = \"tfg_db\";\n\n// Crear la conexión con la Base de Datos privada\n$conn = new mysqli($servername, $username, $password, $dbname);\n\n// Comprobar si la conexión tiene éxito\nif ($conn-\u003econnect_error) {\n    die(\"\u003chtml\u003e\u003cbody\u003e\u003ch1\u003eError de conexión con el backend:\u003c/h1\u003e\" . $conn-\u003econnect_error . \"\u003c/body\u003e\u003c/html\u003e\");\n}\n\necho \"\u003chtml\u003e\u003chead\u003e\u003cmeta charset='utf-8'\u003e\u003ctitle\u003eTFG Julio Sande\u003c/title\u003e\u003c/head\u003e\u003cbody style='font-family:Arial,sans-serif; margin:40px;'\u003e\";\necho \"\u003ch1 style='color:#1a73e8;'\u003e¡Aplicación Multi-Capa Desplegada con Éxito!\u003c/h1\u003e\";\necho \"\u003ch3\u003eInfraestructura automatizada con Terraform por Julio Sande\u003c/h3\u003e\";\necho \"\u003cp\u003e\u003cstrong\u003eEstado de la red:\u003c/strong\u003e Conectado correctamente al servidor de datos privado en la IP interna: \u003ccode style='background:#f1f3f4; padding:4px;'\u003e \" . $servername . \"\u003c/code\u003e\u003c/p\u003e\";\necho \"\u003ch4\u003eDatos extraídos de la base de datos MariaDB en tiempo real:\u003c/h4\u003e\";\necho \"\u003ctable border='1' cellpadding='10' style='border-collapse:collapse;'\u003e\";\necho \"\u003ctr style='background:#f1f3f4;'\u003e\u003cth\u003eID\u003c/th\u003e\u003cth\u003eNombre del Invitado\u003c/th\u003e\u003cth\u003eFecha de Registro\u003c/th\u003e\u003c/tr\u003e\";\n\n$sql = \"SELECT id, nombre, fecha FROM invitados\";\n$result = $conn-\u003equery($sql);\n\nif ($result-\u003enum_rows \u003e 0) {\n    while($row = $result-\u003efetch_assoc()) {\n        echo \"\u003ctr\u003e\u003ctd\u003e\" . $row[\"id\"] . \"\u003c/td\u003e\u003ctd\u003e\" . $row[\"nombre\"] . \"\u003c/td\u003e\u003ctd\u003e\" . $row[\"fecha\"] . \"\u003c/td\u003e\u003c/tr\u003e\";\n    }\n} else {\n    echo \"\u003ctr\u003e\u003ctd colspan='3'\u003e0 resultados encontrados\u003c/td\u003e\u003c/tr\u003e\";\n}\necho \"\u003c/table\u003e\u003c/body\u003e\u003c/html\u003e\";\n$conn-\u003eclose();\n?\u003e\nPHP_EOF\n\nsystemctl restart apache2\n",
            "min_cpu_platform": "",
            "name": "servidor-web-asir",
            "network_interface": [
              {
                "access_config": [
                  {
                    "nat_ip": "34.175.235.69",
                    "network_tier": "PREMIUM",
                    "public_ptr_domain_name": ""
                  }
                ],
                "alias_ip_range": [],
                "internal_ipv6_prefix_length": 0,
                "ipv6_access_config": [],
                "ipv6_access_type": "",
                "ipv6_address": "",
                "name": "nic0",
                "network": "https://www.googleapis.com/compute/v1/projects/tfg-asir-2026/global/networks/vpc-proyecto-asir",
                "network_ip": "10.0.1.3",
                "nic_type": "",
                "queue_count": 0,
                "stack_type": "IPV4_ONLY",
                "subnetwork": "https://www.googleapis.com/compute/v1/projects/tfg-asir-2026/regions/europe-southwest1/subnetworks/subred-publica",
                "subnetwork_project": "tfg-asir-2026"
              }
            ],
            "network_performance_config": [],
            "params": [],
            "project": "tfg-asir-2026",
            "reservation_affinity": [],
            "resource_policies": null,
            "scheduling": [
              {
                "automatic_restart": true,
                "instance_termination_action": "",
                "local_ssd_recovery_timeout": [],
                "min_node_cpus": 0,
                "node_affinities": [],
                "on_host_maintenance": "MIGRATE",
                "preemptible": false,
                "provisioning_model": "STANDARD"
              }
            ],
            "scratch_disk": [],
            "self_link": "https://www.googleapis.com/compute/v1/projects/tfg-asir-2026/zones/europe-southwest1-a/instances/servidor-web-asir",
            "service_account": [],
            "shielded_instance_config": [
              {
                "enable_integrity_monitoring": true,
                "enable_secure_boot": false,
                "enable_vtpm": true
              }
            ],
            "tags": [
              "servidor-web"
            ],
            "tags_fingerprint": "5CR-LlH8X8c=",
            "timeouts": null,
            "zone": "europe-southwest1-a"
          },
          "sensitive_attributes": [
            [
              {
                "type": "get_attr",
                "value": "boot_disk"
              },
              {
                "type": "index",
                "value": {
                  "value": 0,
                  "type": "number"
                }
              },
              {
                "type": "get_attr",
                "value": "disk_encryption_key_raw"
              }
            ]
          ],
          "identity_schema_version": 0,
          "private": "eyJlMmJmYjczMC1lY2FhLTExZTYtOGY4OC0zNDM2M2JjN2M0YzAiOnsiY3JlYXRlIjoxMjAwMDAwMDAwMDAwLCJkZWxldGUiOjEyMDAwMDAwMDAwMDAsInVwZGF0ZSI6MTIwMDAwMDAwMDAwMH0sInNjaGVtYV92ZXJzaW9uIjoiNiJ9",
          "dependencies": [
            "google_compute_network.vpc_asir",
            "google_compute_subnetwork.subred_publica"
          ]
        }
      ]
    },
    {
      "mode": "managed",
      "type": "google_compute_network",
      "name": "vpc_asir",
      "provider": "provider[\"registry.terraform.io/hashicorp/google\"]",
      "instances": [
        {
          "schema_version": 0,
          "attributes": {
            "auto_create_subnetworks": false,
            "delete_default_routes_on_create": false,
            "description": "",
            "enable_ula_internal_ipv6": false,
            "gateway_ipv4": "",
            "id": "projects/tfg-asir-2026/global/networks/vpc-proyecto-asir",
            "internal_ipv6_range": "",
            "mtu": 0,
            "name": "vpc-proyecto-asir",
            "network_firewall_policy_enforcement_order": "AFTER_CLASSIC_FIREWALL",
            "project": "tfg-asir-2026",
            "routing_mode": "REGIONAL",
            "self_link": "https://www.googleapis.com/compute/v1/projects/tfg-asir-2026/global/networks/vpc-proyecto-asir",
            "timeouts": null
          },
          "sensitive_attributes": [],
          "identity_schema_version": 0,
          "private": "eyJlMmJmYjczMC1lY2FhLTExZTYtOGY4OC0zNDM2M2JjN2M0YzAiOnsiY3JlYXRlIjoxMjAwMDAwMDAwMDAwLCJkZWxldGUiOjEyMDAwMDAwMDAwMDAsInVwZGF0ZSI6MTIwMDAwMDAwMDAwMH19"
        }
      ]
    },
    {
      "mode": "managed",
      "type": "google_compute_router",
      "name": "router",
      "provider": "provider[\"registry.terraform.io/hashicorp/google\"]",
      "instances": [
        {
          "schema_version": 0,
          "attributes": {
            "bgp": [],
            "creation_timestamp": "2026-06-01T04:14:06.868-07:00",
            "description": "",
            "encrypted_interconnect_router": false,
            "id": "projects/tfg-asir-2026/regions/europe-southwest1/routers/router-proyecto-asir",
            "name": "router-proyecto-asir",
            "network": "https://www.googleapis.com/compute/v1/projects/tfg-asir-2026/global/networks/vpc-proyecto-asir",
            "project": "tfg-asir-2026",
            "region": "europe-southwest1",
            "self_link": "https://www.googleapis.com/compute/v1/projects/tfg-asir-2026/regions/europe-southwest1/routers/router-proyecto-asir",
            "timeouts": null
          },
          "sensitive_attributes": [],
          "identity_schema_version": 0,
          "private": "eyJlMmJmYjczMC1lY2FhLTExZTYtOGY4OC0zNDM2M2JjN2M0YzAiOnsiY3JlYXRlIjoxMjAwMDAwMDAwMDAwLCJkZWxldGUiOjEyMDAwMDAwMDAwMDAsInVwZGF0ZSI6MTIwMDAwMDAwMDAwMH19",
          "dependencies": [
            "google_compute_network.vpc_asir"
          ]
        }
      ]
    },
    {
      "mode": "managed",
      "type": "google_compute_router_nat",
      "name": "nat",
      "provider": "provider[\"registry.terraform.io/hashicorp/google\"]",
      "instances": [
        {
          "schema_version": 0,
          "attributes": {
            "drain_nat_ips": [],
            "enable_dynamic_port_allocation": false,
            "enable_endpoint_independent_mapping": true,
            "icmp_idle_timeout_sec": 30,
            "id": "tfg-asir-2026/europe-southwest1/router-proyecto-asir/nat-proyecto-asir",
            "log_config": [],
            "max_ports_per_vm": 0,
            "min_ports_per_vm": 0,
            "name": "nat-proyecto-asir",
            "nat_ip_allocate_option": "AUTO_ONLY",
            "nat_ips": [],
            "project": "tfg-asir-2026",
            "region": "europe-southwest1",
            "router": "router-proyecto-asir",
            "rules": [],
            "source_subnetwork_ip_ranges_to_nat": "LIST_OF_SUBNETWORKS",
            "subnetwork": [
              {
                "name": "https://www.googleapis.com/compute/v1/projects/tfg-asir-2026/regions/europe-southwest1/subnetworks/subred-privada",
                "secondary_ip_range_names": [],
                "source_ip_ranges_to_nat": [
                  "ALL_IP_RANGES"
                ]
              }
            ],
            "tcp_established_idle_timeout_sec": 1200,
            "tcp_time_wait_timeout_sec": 120,
            "tcp_transitory_idle_timeout_sec": 30,
            "timeouts": null,
            "udp_idle_timeout_sec": 30
          },
          "sensitive_attributes": [],
          "identity_schema_version": 0,
          "private": "eyJlMmJmYjczMC1lY2FhLTExZTYtOGY4OC0zNDM2M2JjN2M0YzAiOnsiY3JlYXRlIjoxMjAwMDAwMDAwMDAwLCJkZWxldGUiOjEyMDAwMDAwMDAwMDAsInVwZGF0ZSI6MTIwMDAwMDAwMDAwMH19",
          "dependencies": [
            "google_compute_network.vpc_asir",
            "google_compute_router.router",
            "google_compute_subnetwork.subred_privada"
          ]
        }
      ]
    },
    {
      "mode": "managed",
      "type": "google_compute_subnetwork",
      "name": "subred_privada",
      "provider": "provider[\"registry.terraform.io/hashicorp/google\"]",
      "instances": [
        {
          "schema_version": 0,
          "attributes": {
            "creation_timestamp": "2026-06-01T04:14:07.122-07:00",
            "description": "",
            "external_ipv6_prefix": "",
            "fingerprint": null,
            "gateway_address": "10.0.2.1",
            "id": "projects/tfg-asir-2026/regions/europe-southwest1/subnetworks/subred-privada",
            "internal_ipv6_prefix": "",
            "ip_cidr_range": "10.0.2.0/24",
            "ipv6_access_type": "",
            "ipv6_cidr_range": "",
            "log_config": [],
            "name": "subred-privada",
            "network": "https://www.googleapis.com/compute/v1/projects/tfg-asir-2026/global/networks/vpc-proyecto-asir",
            "private_ip_google_access": false,
            "private_ipv6_google_access": "DISABLE_GOOGLE_ACCESS",
            "project": "tfg-asir-2026",
            "purpose": "PRIVATE",
            "region": "europe-southwest1",
            "role": "",
            "secondary_ip_range": [],
            "self_link": "https://www.googleapis.com/compute/v1/projects/tfg-asir-2026/regions/europe-southwest1/subnetworks/subred-privada",
            "stack_type": "IPV4_ONLY",
            "timeouts": null
          },
          "sensitive_attributes": [],
          "identity_schema_version": 0,
          "private": "eyJlMmJmYjczMC1lY2FhLTExZTYtOGY4OC0zNDM2M2JjN2M0YzAiOnsiY3JlYXRlIjoxMjAwMDAwMDAwMDAwLCJkZWxldGUiOjEyMDAwMDAwMDAwMDAsInVwZGF0ZSI6MTIwMDAwMDAwMDAwMH19",
          "dependencies": [
            "google_compute_network.vpc_asir"
          ]
        }
      ]
    },
    {
      "mode": "managed",
      "type": "google_compute_subnetwork",
      "name": "subred_publica",
      "provider": "provider[\"registry.terraform.io/hashicorp/google\"]",
      "instances": [
        {
          "schema_version": 0,
          "attributes": {
            "creation_timestamp": "2026-06-01T04:14:07.035-07:00",
            "description": "",
            "external_ipv6_prefix": "",
            "fingerprint": null,
            "gateway_address": "10.0.1.1",
            "id": "projects/tfg-asir-2026/regions/europe-southwest1/subnetworks/subred-publica",
            "internal_ipv6_prefix": "",
            "ip_cidr_range": "10.0.1.0/24",
            "ipv6_access_type": "",
            "ipv6_cidr_range": "",
            "log_config": [],
            "name": "subred-publica",
            "network": "https://www.googleapis.com/compute/v1/projects/tfg-asir-2026/global/networks/vpc-proyecto-asir",
            "private_ip_google_access": false,
            "private_ipv6_google_access": "DISABLE_GOOGLE_ACCESS",
            "project": "tfg-asir-2026",
            "purpose": "PRIVATE",
            "region": "europe-southwest1",
            "role": "",
            "secondary_ip_range": [],
            "self_link": "https://www.googleapis.com/compute/v1/projects/tfg-asir-2026/regions/europe-southwest1/subnetworks/subred-publica",
            "stack_type": "IPV4_ONLY",
            "timeouts": null
          },
          "sensitive_attributes": [],
          "identity_schema_version": 0,
          "private": "eyJlMmJmYjczMC1lY2FhLTExZTYtOGY4OC0zNDM2M2JjN2M0YzAiOnsiY3JlYXRlIjoxMjAwMDAwMDAwMDAwLCJkZWxldGUiOjEyMDAwMDAwMDAwMDAsInVwZGF0ZSI6MTIwMDAwMDAwMDAwMH19",
          "dependencies": [
            "google_compute_network.vpc_asir"
          ]
        }
      ]
    }
  ],
  "check_results": null
}
