{
  "version": 4,
  "terraform_version": "1.15.5",
  "serial": 120,
  "lineage": "2898fa47-602f-e188-6795-d51b2f3ad059",
  "outputs": {},
  "resources": [
    {
      "mode": "managed",
      "type": "google_compute_firewall",
      "name": "allow_internal_db",
      "provider": "provider[\"registry.terraform.io/hashicorp/google\"]",
      "instances": [
        {
          "schema_version": 1,
          "attributes": {
            "allow": [
              {
                "ports": [
                  "3306"
                ],
                "protocol": "tcp"
              }
            ],
            "creation_timestamp": "2026-06-02T04:45:33.879-07:00",
            "deny": [],
            "description": "",
            "destination_ranges": [],
            "direction": "INGRESS",
            "disabled": false,
            "enable_logging": null,
            "id": "projects/tfg-asir-2026/global/firewalls/permitir-db-interna",
            "log_config": [],
            "name": "permitir-db-interna",
            "network": "https://www.googleapis.com/compute/v1/projects/tfg-asir-2026/global/networks/vpc-proyecto-asir",
            "priority": 1000,
            "project": "tfg-asir-2026",
            "self_link": "https://www.googleapis.com/compute/v1/projects/tfg-asir-2026/global/firewalls/permitir-db-interna",
            "source_ranges": [
              "10.0.1.0/24"
            ],
            "source_service_accounts": [],
            "source_tags": [],
            "target_service_accounts": [],
            "target_tags": [
              "base-datos"
            ],
            "timeouts": null
          },
          "sensitive_attributes": [],
          "identity_schema_version": 0,
          "private": "eyJlMmJmYjczMC1lY2FhLTExZTYtOGY4OC0zNDM2M2JjN2M0YzAiOnsiY3JlYXRlIjoxMjAwMDAwMDAwMDAwLCJkZWxldGUiOjEyMDAwMDAwMDAwMDAsInVwZGF0ZSI6MTIwMDAwMDAwMDAwMH0sInNjaGVtYV92ZXJzaW9uIjoiMSJ9",
          "dependencies": [
            "google_compute_network.vpc_asir"
          ]
        }
      ]
    },
    {
      "mode": "managed",
      "type": "google_compute_firewall",
      "name": "allow_ssh",
      "provider": "provider[\"registry.terraform.io/hashicorp/google\"]",
      "instances": [
        {
          "schema_version": 1,
          "attributes": {
            "allow": [
              {
                "ports": [
                  "22"
                ],
                "protocol": "tcp"
              }
            ],
            "creation_timestamp": "2026-06-02T04:45:33.664-07:00",
            "deny": [],
            "description": "",
            "destination_ranges": [],
            "direction": "INGRESS",
            "disabled": false,
            "enable_logging": null,
            "id": "projects/tfg-asir-2026/global/firewalls/permitir-ssh",
            "log_config": [],
            "name": "permitir-ssh",
            "network": "https://www.googleapis.com/compute/v1/projects/tfg-asir-2026/global/networks/vpc-proyecto-asir",
            "priority": 1000,
            "project": "tfg-asir-2026",
            "self_link": "https://www.googleapis.com/compute/v1/projects/tfg-asir-2026/global/firewalls/permitir-ssh",
            "source_ranges": [
              "0.0.0.0/0"
            ],
            "source_service_accounts": [],
            "source_tags": [],
            "target_service_accounts": [],
            "target_tags": [],
            "timeouts": null
          },
          "sensitive_attributes": [],
          "identity_schema_version": 0,
          "private": "eyJlMmJmYjczMC1lY2FhLTExZTYtOGY4OC0zNDM2M2JjN2M0YzAiOnsiY3JlYXRlIjoxMjAwMDAwMDAwMDAwLCJkZWxldGUiOjEyMDAwMDAwMDAwMDAsInVwZGF0ZSI6MTIwMDAwMDAwMDAwMH0sInNjaGVtYV92ZXJzaW9uIjoiMSJ9",
          "dependencies": [
            "google_compute_network.vpc_asir"
          ]
        }
      ]
    },
    {
      "mode": "managed",
      "type": "google_compute_firewall",
      "name": "allow_web",
      "provider": "provider[\"registry.terraform.io/hashicorp/google\"]",
      "instances": [
        {
          "schema_version": 1,
          "attributes": {
            "allow": [
              {
                "ports": [
                  "80",
                  "443"
                ],
                "protocol": "tcp"
              }
            ],
            "creation_timestamp": "2026-06-02T04:45:33.841-07:00",
            "deny": [],
            "description": "",
            "destination_ranges": [],
            "direction": "INGRESS",
            "disabled": false,
            "enable_logging": null,
            "id": "projects/tfg-asir-2026/global/firewalls/permitir-web",
            "log_config": [],
            "name": "permitir-web",
            "network": "https://www.googleapis.com/compute/v1/projects/tfg-asir-2026/global/networks/vpc-proyecto-asir",
            "priority": 1000,
            "project": "tfg-asir-2026",
            "self_link": "https://www.googleapis.com/compute/v1/projects/tfg-asir-2026/global/firewalls/permitir-web",
            "source_ranges": [
              "0.0.0.0/0"
            ],
            "source_service_accounts": [],
            "source_tags": [],
            "target_service_accounts": [],
            "target_tags": [
              "servidor-web"
            ],
            "timeouts": null
          },
          "sensitive_attributes": [],
          "identity_schema_version": 0,
          "private": "eyJlMmJmYjczMC1lY2FhLTExZTYtOGY4OC0zNDM2M2JjN2M0YzAiOnsiY3JlYXRlIjoxMjAwMDAwMDAwMDAwLCJkZWxldGUiOjEyMDAwMDAwMDAwMDAsInVwZGF0ZSI6MTIwMDAwMDAwMDAwMH0sInNjaGVtYV92ZXJzaW9uIjoiMSJ9",
          "dependencies": [
            "google_compute_network.vpc_asir"
          ]
        }
      ]
    },
    {
      "mode": "managed",
      "type": "google_compute_instance",
      "name": "base_datos",
      "provider": "provider[\"registry.terraform.io/hashicorp/google\"]",
      "instances": [
        {
          "schema_version": 6,
          "attributes": {
            "advanced_machine_features": [],
            "allow_stopping_for_update": null,
            "attached_disk": [],
            "boot_disk": [
              {
                "auto_delete": true,
                "device_name": "persistent-disk-0",
                "disk_encryption_key_raw": "",
                "disk_encryption_key_sha256": "",
                "initialize_params": [
                  {
                    "image": "https://www.googleapis.com/compute/v1/projects/debian-cloud/global/images/debian-11-bullseye-v20260528",
                    "labels": {},
                    "resource_manager_tags": {},
                    "size": 10,
                    "type": "pd-standard"
                  }
                ],
                "kms_key_self_link": "",
                "mode": "READ_WRITE",
                "source": "https://www.googleapis.com/compute/v1/projects/tfg-asir-2026/zones/europe-southwest1-a/disks/servidor-db-asir"
              }
            ],
            "can_ip_forward": false,
            "confidential_instance_config": [],
            "cpu_platform": "Intel Broadwell",
            "current_status": "RUNNING",
            "deletion_protection": false,
            "description": "",
            "desired_status": null,
            "enable_display": false,
            "guest_accelerator": [],
            "hostname": "",
            "id": "projects/tfg-asir-2026/zones/europe-southwest1-a/instances/servidor-db-asir",
            "instance_id": "7308521863795408027",
            "label_fingerprint": "42WmSpB8rSM=",
            "labels": {},
            "machine_type": "e2-micro",
            "metadata": {},
            "metadata_fingerprint": "bv188MKdQMQ=",
            "metadata_startup_script": "#!/bin/bash\ntimedatectl set-timezone Europe/Madrid\napt-get update\napt-get install -y mariadb-server\n\nsed -i 's/bind-address.*/bind-address = 0.0.0.0/' /etc/mysql/mariadb.conf.d/50-server.cnf\nsystemctl restart mariadb\nsystemctl enable mariadb\n\nmysql -e \"CREATE DATABASE IF NOT EXISTS tfg_db;\"\nmysql -e \"CREATE USER IF NOT EXISTS 'user_tfg'@'%' IDENTIFIED BY 'Password123!';\"\nmysql -e \"GRANT ALL PRIVILEGES ON tfg_db.* TO 'user_tfg'@'%';\"\nmysql -e \"FLUSH PRIVILEGES;\"\n    \nmysql -D tfg_db -e \"CREATE TABLE IF NOT EXISTS invitados (id INT AUTO_INCREMENT PRIMARY KEY, nombre VARCHAR(50), fecha TIMESTAMP DEFAULT CURRENT_TIMESTAMP);\"\nmysql -D tfg_db -e \"INSERT INTO invitados (nombre) VALUES ('Julio Sande (Administrador)'), ('Profesor del Tribunal'), ('Inversor Google Cloud');\"\n",
            "min_cpu_platform": "",
            "name": "servidor-db-asir",
            "network_interface": [
              {
                "access_config": [],
                "alias_ip_range": [],
                "internal_ipv6_prefix_length": 0,
                "ipv6_access_config": [],
                "ipv6_access_type": "",
                "ipv6_address": "",
                "name": "nic0",
                "network": "https://www.googleapis.com/compute/v1/projects/tfg-asir-2026/global/networks/vpc-proyecto-asir",
                "network_ip": "10.0.2.2",
                "nic_type": "",
                "queue_count": 0,
                "stack_type": "IPV4_ONLY",
                "subnetwork": "https://www.googleapis.com/compute/v1/projects/tfg-asir-2026/regions/europe-southwest1/subnetworks/subred-privada",
                "subnetwork_project": "tfg-asir-2026"
              }
            ],
            "network_performance_config": [],
            "params": [],
            "project": "tfg-asir-2026",
            "reservation_affinity": [],
            "resource_policies": [],
            "scheduling": [
              {
                "automatic_restart": true,
                "instance_termination_action": "",
                "local_ssd_recovery_timeout": [],
                "min_node_cpus": 0,
                "node_affinities": [],
                "on_host_maintenance": "MIGRATE",
                "preemptible": false,
                "provisioning_model": "STANDARD"
              }
            ],
            "scratch_disk": [],
            "self_link": "https://www.googleapis.com/compute/v1/projects/tfg-asir-2026/zones/europe-southwest1-a/instances/servidor-db-asir",
            "service_account": [],
            "shielded_instance_config": [
              {
                "enable_integrity_monitoring": true,
                "enable_secure_boot": false,
                "enable_vtpm": true
              }
            ],
            "tags": [
              "base-datos"
            ],
            "tags_fingerprint": "FsRtTSxDIPw=",
            "timeouts": null,
            "zone": "europe-southwest1-a"
          },
          "sensitive_attributes": [
            [
              {
                "type": "get_attr",
                "value": "boot_disk"
              },
              {
                "type": "index",
                "value": {
                  "value": 0,
                  "type": "number"
                }
              },
              {
                "type": "get_attr",
                "value": "disk_encryption_key_raw"
              }
            ]
          ],
          "identity_schema_version": 0,
          "private": "eyJlMmJmYjczMC1lY2FhLTExZTYtOGY4OC0zNDM2M2JjN2M0YzAiOnsiY3JlYXRlIjoxMjAwMDAwMDAwMDAwLCJkZWxldGUiOjEyMDAwMDAwMDAwMDAsInVwZGF0ZSI6MTIwMDAwMDAwMDAwMH0sInNjaGVtYV92ZXJzaW9uIjoiNiJ9",
          "dependencies": [
            "google_compute_network.vpc_asir",
            "google_compute_subnetwork.subred_privada"
          ]
        }
      ]
    },
    {
      "mode": "managed",
      "type": "google_compute_instance",
      "name": "servidor_web",
      "provider": "provider[\"registry.terraform.io/hashicorp/google\"]",
      "instances": [
        {
          "schema_version": 6,
          "attributes": {
            "advanced_machine_features": [],
            "allow_stopping_for_update": null,
            "attached_disk": [],
            "boot_disk": [
              {
                "auto_delete": true,
                "device_name": "persistent-disk-0",
                "disk_encryption_key_raw": "",
                "disk_encryption_key_sha256": "",
                "initialize_params": [
                  {
                    "image": "https://www.googleapis.com/compute/v1/projects/debian-cloud/global/images/debian-11-bullseye-v20260528",
                    "labels": {},
                    "resource_manager_tags": null,
                    "size": 10,
                    "type": "pd-standard"
                  }
                ],
                "kms_key_self_link": "",
                "mode": "READ_WRITE",
                "source": "https://www.googleapis.com/compute/v1/projects/tfg-asir-2026/zones/europe-southwest1-a/disks/servidor-web-asir"
              }
            ],
            "can_ip_forward": false,
            "confidential_instance_config": [],
            "cpu_platform": "Intel Broadwell",
            "current_status": "RUNNING",
            "deletion_protection": false,
            "description": "",
            "desired_status": null,
            "enable_display": false,
            "guest_accelerator": [],
            "hostname": "",
            "id": "projects/tfg-asir-2026/zones/europe-southwest1-a/instances/servidor-web-asir",
            "instance_id": "3361870810568686146",
            "label_fingerprint": "42WmSpB8rSM=",
            "labels": null,
            "machine_type": "e2-micro",
            "metadata": null,
            "metadata_fingerprint": "hfSbNt-Y87E=",
            "metadata_startup_script": "    #!/bin/bash\n    timedatectl set-timezone Europe/Madrid\n    apt-get update\n    apt-get install -y apache2 php libapache2-mod-php php-mysql\n    rm -f /var/www/html/index.html\n\n    cat \u003c\u003c 'PHP_EOF' \u003e /var/www/html/index.php\n\u003c?php\r\n// ============================================================================\r\n// PRESENTACIÓN TFG ASIR - JULIO SANDE\r\n// ============================================================================\r\n$servername = \"10.0.2.2\"; // Cambia esta IP si tu BD tiene una distinta\r\n$username = \"user_tfg\";\r\n$password = \"Password123!\";\r\n$dbname = \"tfg_db\";\r\n\r\n// Crear conexión\r\n$conn = new mysqli($servername, $username, $password, $dbname);\r\n?\u003e\r\n\u003c!DOCTYPE html\u003e\r\n\u003chtml lang=\"es\"\u003e\r\n\u003chead\u003e\r\n    \u003cmeta charset=\"UTF-8\"\u003e\r\n    \u003cmeta name=\"viewport\" content=\"width=device-width, initial-scale=1.0\"\u003e\r\n    \u003ctitle\u003eTFG ASIR - Julio Sande\u003c/title\u003e\r\n    \r\n    \u003clink href=\"https://cdn.jsdelivr.net/npm/bootstrap@5.3.2/dist/css/bootstrap.min.css\" rel=\"stylesheet\"\u003e\r\n    \u003clink href=\"https://cdn.jsdelivr.net/npm/bootstrap-icons@1.11.1/font/bootstrap-icons.css\" rel=\"stylesheet\"\u003e\r\n    \u003clink href=\"https://fonts.googleapis.com/css2?family=Inter:wght@300;400;600;700\u0026display=swap\" rel=\"stylesheet\"\u003e\r\n    \r\n    \u003cstyle\u003e\r\n        body {\r\n            font-family: 'Inter', sans-serif;\r\n            background-color: #f8f9fa;\r\n        }\r\n        .hero-section {\r\n            background: linear-gradient(135deg, #0d6efd 0%, #0a58ca 100%);\r\n            color: white;\r\n            padding: 4rem 0;\r\n            margin-bottom: 3rem;\r\n            border-bottom: 5px solid #ffc107;\r\n        }\r\n        .feature-icon {\r\n            font-size: 2.5rem;\r\n            color: #0d6efd;\r\n            margin-bottom: 1rem;\r\n        }\r\n        .card {\r\n            border: none;\r\n            border-radius: 10px;\r\n            box-shadow: 0 4px 6px rgba(0,0,0,0.05);\r\n            transition: transform 0.2s;\r\n        }\r\n        .card:hover {\r\n            transform: translateY(-5px);\r\n        }\r\n    \u003c/style\u003e\r\n\u003c/head\u003e\r\n\u003cbody\u003e\r\n\r\n    \u003cheader class=\"hero-section text-center shadow\"\u003e\r\n        \u003cdiv class=\"container\"\u003e\r\n            \u003ch1 class=\"display-4 fw-bold\"\u003e\u003ci class=\"bi bi-cloud-check\"\u003e\u003c/i\u003e Proyecto TFG ASIR\u003c/h1\u003e\r\n            \u003cp class=\"lead mt-3\"\u003eDespliegue de Infraestructura Cloud Automatizada con Terraform en GCP\u003c/p\u003e\r\n            \u003cspan class=\"badge bg-warning text-dark mt-2 fs-6\"\u003eAutor: Julio Sande\u003c/span\u003e\r\n        \u003c/div\u003e\r\n    \u003c/header\u003e\r\n\r\n    \u003cmain class=\"container\"\u003e\r\n        \r\n        \u003csection class=\"mb-5\"\u003e\r\n            \u003ch3 class=\"fw-bold mb-4 border-bottom pb-2 text-secondary\"\u003e\u003ci class=\"bi bi-diagram-3\"\u003e\u003c/i\u003e Arquitectura del Sistema\u003c/h3\u003e\r\n            \u003cdiv class=\"row g-4 text-center\"\u003e\r\n                \u003cdiv class=\"col-md-3\"\u003e\r\n                    \u003cdiv class=\"card h-100 p-4\"\u003e\r\n                        \u003ci class=\"bi bi-code-square feature-icon\"\u003e\u003c/i\u003e\r\n                        \u003ch5 class=\"fw-bold\"\u003eTerraform (IaC)\u003c/h5\u003e\r\n                        \u003cp class=\"text-muted small\"\u003eInfraestructura definida como código. Permite despliegues idénticos, rápidos y control de versiones.\u003c/p\u003e\r\n                    \u003c/div\u003e\r\n                \u003c/div\u003e\r\n                \u003cdiv class=\"col-md-3\"\u003e\r\n                    \u003cdiv class=\"card h-100 p-4\"\u003e\r\n                        \u003ci class=\"bi bi-google feature-icon text-danger\"\u003e\u003c/i\u003e\r\n                        \u003ch5 class=\"fw-bold\"\u003eGoogle Cloud\u003c/h5\u003e\r\n                        \u003cp class=\"text-muted small\"\u003eRed VPC personalizada con subredes separadas, Cloud NAT y reglas de firewall Zero Trust.\u003c/p\u003e\r\n                    \u003c/div\u003e\r\n                \u003c/div\u003e\r\n                \u003cdiv class=\"col-md-3\"\u003e\r\n                    \u003cdiv class=\"card h-100 p-4\"\u003e\r\n                        \u003ci class=\"bi bi-server feature-icon text-success\"\u003e\u003c/i\u003e\r\n                        \u003ch5 class=\"fw-bold\"\u003eCapa Frontend\u003c/h5\u003e\r\n                        \u003cp class=\"text-muted small\"\u003eServidor Debian 11 público con Apache y PHP. Actúa como capa de presentación de este proyecto.\u003c/p\u003e\r\n                    \u003c/div\u003e\r\n                \u003c/div\u003e\r\n                \u003cdiv class=\"col-md-3\"\u003e\r\n                    \u003cdiv class=\"card h-100 p-4\"\u003e\r\n                        \u003ci class=\"bi bi-database-fill feature-icon text-warning\"\u003e\u003c/i\u003e\r\n                        \u003ch5 class=\"fw-bold\"\u003eCapa Backend\u003c/h5\u003e\r\n                        \u003cp class=\"text-muted small\"\u003eBase de datos MariaDB aislada en subred privada. Inaccesible desde el exterior por seguridad.\u003c/p\u003e\r\n                    \u003c/div\u003e\r\n                \u003c/div\u003e\r\n            \u003c/div\u003e\r\n        \u003c/section\u003e\r\n\r\n        \u003csection class=\"mb-5\"\u003e\r\n            \u003cdiv class=\"card p-4 border-top border-primary border-4\"\u003e\r\n                \u003cdiv class=\"d-flex justify-content-between align-items-center mb-4\"\u003e\r\n                    \u003ch3 class=\"fw-bold m-0 text-secondary\"\u003e\u003ci class=\"bi bi-table\"\u003e\u003c/i\u003e Conexión a Base de Datos (Tiempo Real)\u003c/h3\u003e\r\n                    \u003c?php if ($conn-\u003econnect_error): ?\u003e\r\n                        \u003cspan class=\"badge bg-danger fs-6\"\u003e\u003ci class=\"bi bi-x-circle\"\u003e\u003c/i\u003e Error de conexión\u003c/span\u003e\r\n                    \u003c?php else: ?\u003e\r\n                        \u003cspan class=\"badge bg-success fs-6\"\u003e\u003ci class=\"bi bi-check-circle\"\u003e\u003c/i\u003e Backend Conectado (\u003c?php echo $servername; ?\u003e)\u003c/span\u003e\r\n                    \u003c?php endif; ?\u003e\r\n                \u003c/div\u003e\r\n\r\n                \u003c?php if ($conn-\u003econnect_error): ?\u003e\r\n                    \u003cdiv class=\"alert alert-danger\"\u003e\r\n                        \u003cstrong\u003eError crítico:\u003c/strong\u003e No se pudo conectar al backend. \u003cbr\u003e\r\n                        Detalle técnico: \u003c?php echo $conn-\u003econnect_error; ?\u003e\r\n                    \u003c/div\u003e\r\n                \u003c?php else: ?\u003e\r\n                    \u003cdiv class=\"table-responsive\"\u003e\r\n                        \u003ctable class=\"table table-hover table-striped align-middle\"\u003e\r\n                            \u003cthead class=\"table-dark\"\u003e\r\n                                \u003ctr\u003e\r\n                                    \u003cth scope=\"col\" width=\"10%\"\u003eID\u003c/th\u003e\r\n                                    \u003cth scope=\"col\" width=\"50%\"\u003eNombre del Registro\u003c/th\u003e\r\n                                    \u003cth scope=\"col\" width=\"40%\"\u003eFecha y Hora (Local)\u003c/th\u003e\r\n                                \u003c/tr\u003e\r\n                            \u003c/thead\u003e\r\n                            \u003ctbody\u003e\r\n                                \u003c?php\r\n                                $sql = \"SELECT id, nombre, fecha FROM invitados ORDER BY id ASC\";\r\n                                $result = $conn-\u003equery($sql);\r\n\r\n                                if ($result \u0026\u0026 $result-\u003enum_rows \u003e 0) {\r\n                                    while($row = $result-\u003efetch_assoc()) {\r\n                                        echo \"\u003ctr\u003e\";\r\n                                        echo \"\u003ctd\u003e\u003cspan class='badge bg-secondary rounded-pill'\u003e\" . $row[\"id\"] . \"\u003c/span\u003e\u003c/td\u003e\";\r\n                                        echo \"\u003ctd class='fw-semibold'\u003e\" . htmlspecialchars($row[\"nombre\"]) . \"\u003c/td\u003e\";\r\n                                        echo \"\u003ctd\u003e\u003ci class='bi bi-clock text-muted'\u003e\u003c/i\u003e \" . $row[\"fecha\"] . \"\u003c/td\u003e\";\r\n                                        echo \"\u003c/tr\u003e\";\r\n                                    }\r\n                                } else {\r\n                                    echo \"\u003ctr\u003e\u003ctd colspan='3' class='text-center py-4'\u003eLa base de datos está vacía.\u003c/td\u003e\u003c/tr\u003e\";\r\n                                }\r\n                                $conn-\u003eclose();\r\n                                ?\u003e\r\n                            \u003c/tbody\u003e\r\n                        \u003c/table\u003e\r\n                    \u003c/div\u003e\r\n                \u003c?php endif; ?\u003e\r\n            \u003c/div\u003e\r\n        \u003c/section\u003e\r\n\r\n    \u003c/main\u003e\r\n\r\n    \u003cfooter class=\"text-center py-4 text-muted bg-white border-top mt-5\"\u003e\r\n        \u003cdiv class=\"container\"\u003e\r\n            \u003cp class=\"mb-0\"\u003eProyecto de Fin de Grado - Administración de Sistemas Informáticos en Red\u003c/p\u003e\r\n            \u003csmall\u003eDesplegado dinámicamente el \u003c?php echo date(\"d/m/Y H:i:s\"); ?\u003e\u003c/small\u003e\r\n        \u003c/div\u003e\r\n    \u003c/footer\u003e\r\n\r\n    \u003cscript src=\"https://cdn.jsdelivr.net/npm/bootstrap@5.3.2/dist/js/bootstrap.bundle.min.js\"\u003e\u003c/script\u003e\r\n\u003c/body\u003e\r\n\u003c/html\u003e\nPHP_EOF\n\n    systemctl restart apache2\n",
            "min_cpu_platform": "",
            "name": "servidor-web-asir",
            "network_interface": [
              {
                "access_config": [
                  {
                    "nat_ip": "34.175.185.180",
                    "network_tier": "PREMIUM",
                    "public_ptr_domain_name": ""
                  }
                ],
                "alias_ip_range": [],
                "internal_ipv6_prefix_length": 0,
                "ipv6_access_config": [],
                "ipv6_access_type": "",
                "ipv6_address": "",
                "name": "nic0",
                "network": "https://www.googleapis.com/compute/v1/projects/tfg-asir-2026/global/networks/vpc-proyecto-asir",
                "network_ip": "10.0.1.4",
                "nic_type": "",
                "queue_count": 0,
                "stack_type": "IPV4_ONLY",
                "subnetwork": "https://www.googleapis.com/compute/v1/projects/tfg-asir-2026/regions/europe-southwest1/subnetworks/subred-publica",
                "subnetwork_project": "tfg-asir-2026"
              }
            ],
            "network_performance_config": [],
            "params": [],
            "project": "tfg-asir-2026",
            "reservation_affinity": [],
            "resource_policies": null,
            "scheduling": [
              {
                "automatic_restart": true,
                "instance_termination_action": "",
                "local_ssd_recovery_timeout": [],
                "min_node_cpus": 0,
                "node_affinities": [],
                "on_host_maintenance": "MIGRATE",
                "preemptible": false,
                "provisioning_model": "STANDARD"
              }
            ],
            "scratch_disk": [],
            "self_link": "https://www.googleapis.com/compute/v1/projects/tfg-asir-2026/zones/europe-southwest1-a/instances/servidor-web-asir",
            "service_account": [],
            "shielded_instance_config": [
              {
                "enable_integrity_monitoring": true,
                "enable_secure_boot": false,
                "enable_vtpm": true
              }
            ],
            "tags": [
              "servidor-web"
            ],
            "tags_fingerprint": "5CR-LlH8X8c=",
            "timeouts": null,
            "zone": "europe-southwest1-a"
          },
          "sensitive_attributes": [
            [
              {
                "type": "get_attr",
                "value": "boot_disk"
              },
              {
                "type": "index",
                "value": {
                  "value": 0,
                  "type": "number"
                }
              },
              {
                "type": "get_attr",
                "value": "disk_encryption_key_raw"
              }
            ]
          ],
          "identity_schema_version": 0,
          "private": "eyJlMmJmYjczMC1lY2FhLTExZTYtOGY4OC0zNDM2M2JjN2M0YzAiOnsiY3JlYXRlIjoxMjAwMDAwMDAwMDAwLCJkZWxldGUiOjEyMDAwMDAwMDAwMDAsInVwZGF0ZSI6MTIwMDAwMDAwMDAwMH0sInNjaGVtYV92ZXJzaW9uIjoiNiJ9",
          "dependencies": [
            "google_compute_network.vpc_asir",
            "google_compute_subnetwork.subred_publica"
          ]
        }
      ]
    },
    {
      "mode": "managed",
      "type": "google_compute_network",
      "name": "vpc_asir",
      "provider": "provider[\"registry.terraform.io/hashicorp/google\"]",
      "instances": [
        {
          "schema_version": 0,
          "attributes": {
            "auto_create_subnetworks": false,
            "delete_default_routes_on_create": false,
            "description": "",
            "enable_ula_internal_ipv6": false,
            "gateway_ipv4": "",
            "id": "projects/tfg-asir-2026/global/networks/vpc-proyecto-asir",
            "internal_ipv6_range": "",
            "mtu": 0,
            "name": "vpc-proyecto-asir",
            "network_firewall_policy_enforcement_order": "AFTER_CLASSIC_FIREWALL",
            "project": "tfg-asir-2026",
            "routing_mode": "REGIONAL",
            "self_link": "https://www.googleapis.com/compute/v1/projects/tfg-asir-2026/global/networks/vpc-proyecto-asir",
            "timeouts": null
          },
          "sensitive_attributes": [],
          "identity_schema_version": 0,
          "private": "eyJlMmJmYjczMC1lY2FhLTExZTYtOGY4OC0zNDM2M2JjN2M0YzAiOnsiY3JlYXRlIjoxMjAwMDAwMDAwMDAwLCJkZWxldGUiOjEyMDAwMDAwMDAwMDAsInVwZGF0ZSI6MTIwMDAwMDAwMDAwMH19"
        }
      ]
    },
    {
      "mode": "managed",
      "type": "google_compute_router",
      "name": "router",
      "provider": "provider[\"registry.terraform.io/hashicorp/google\"]",
      "instances": [
        {
          "schema_version": 0,
          "attributes": {
            "bgp": [],
            "creation_timestamp": "2026-06-02T04:45:33.794-07:00",
            "description": "",
            "encrypted_interconnect_router": false,
            "id": "projects/tfg-asir-2026/regions/europe-southwest1/routers/router-proyecto-asir",
            "name": "router-proyecto-asir",
            "network": "https://www.googleapis.com/compute/v1/projects/tfg-asir-2026/global/networks/vpc-proyecto-asir",
            "project": "tfg-asir-2026",
            "region": "europe-southwest1",
            "self_link": "https://www.googleapis.com/compute/v1/projects/tfg-asir-2026/regions/europe-southwest1/routers/router-proyecto-asir",
            "timeouts": null
          },
          "sensitive_attributes": [],
          "identity_schema_version": 0,
          "private": "eyJlMmJmYjczMC1lY2FhLTExZTYtOGY4OC0zNDM2M2JjN2M0YzAiOnsiY3JlYXRlIjoxMjAwMDAwMDAwMDAwLCJkZWxldGUiOjEyMDAwMDAwMDAwMDAsInVwZGF0ZSI6MTIwMDAwMDAwMDAwMH19",
          "dependencies": [
            "google_compute_network.vpc_asir"
          ]
        }
      ]
    },
    {
      "mode": "managed",
      "type": "google_compute_router_nat",
      "name": "nat",
      "provider": "provider[\"registry.terraform.io/hashicorp/google\"]",
      "instances": [
        {
          "schema_version": 0,
          "attributes": {
            "drain_nat_ips": [],
            "enable_dynamic_port_allocation": false,
            "enable_endpoint_independent_mapping": true,
            "icmp_idle_timeout_sec": 30,
            "id": "tfg-asir-2026/europe-southwest1/router-proyecto-asir/nat-proyecto-asir",
            "log_config": [],
            "max_ports_per_vm": 0,
            "min_ports_per_vm": 0,
            "name": "nat-proyecto-asir",
            "nat_ip_allocate_option": "AUTO_ONLY",
            "nat_ips": [],
            "project": "tfg-asir-2026",
            "region": "europe-southwest1",
            "router": "router-proyecto-asir",
            "rules": [],
            "source_subnetwork_ip_ranges_to_nat": "LIST_OF_SUBNETWORKS",
            "subnetwork": [
              {
                "name": "https://www.googleapis.com/compute/v1/projects/tfg-asir-2026/regions/europe-southwest1/subnetworks/subred-privada",
                "secondary_ip_range_names": [],
                "source_ip_ranges_to_nat": [
                  "ALL_IP_RANGES"
                ]
              }
            ],
            "tcp_established_idle_timeout_sec": 1200,
            "tcp_time_wait_timeout_sec": 120,
            "tcp_transitory_idle_timeout_sec": 30,
            "timeouts": null,
            "udp_idle_timeout_sec": 30
          },
          "sensitive_attributes": [],
          "identity_schema_version": 0,
          "private": "eyJlMmJmYjczMC1lY2FhLTExZTYtOGY4OC0zNDM2M2JjN2M0YzAiOnsiY3JlYXRlIjoxMjAwMDAwMDAwMDAwLCJkZWxldGUiOjEyMDAwMDAwMDAwMDAsInVwZGF0ZSI6MTIwMDAwMDAwMDAwMH19",
          "dependencies": [
            "google_compute_network.vpc_asir",
            "google_compute_router.router",
            "google_compute_subnetwork.subred_privada"
          ]
        }
      ]
    },
    {
      "mode": "managed",
      "type": "google_compute_subnetwork",
      "name": "subred_privada",
      "provider": "provider[\"registry.terraform.io/hashicorp/google\"]",
      "instances": [
        {
          "schema_version": 0,
          "attributes": {
            "creation_timestamp": "2026-06-02T04:45:34.033-07:00",
            "description": "",
            "external_ipv6_prefix": "",
            "fingerprint": null,
            "gateway_address": "10.0.2.1",
            "id": "projects/tfg-asir-2026/regions/europe-southwest1/subnetworks/subred-privada",
            "internal_ipv6_prefix": "",
            "ip_cidr_range": "10.0.2.0/24",
            "ipv6_access_type": "",
            "ipv6_cidr_range": "",
            "log_config": [],
            "name": "subred-privada",
            "network": "https://www.googleapis.com/compute/v1/projects/tfg-asir-2026/global/networks/vpc-proyecto-asir",
            "private_ip_google_access": false,
            "private_ipv6_google_access": "DISABLE_GOOGLE_ACCESS",
            "project": "tfg-asir-2026",
            "purpose": "PRIVATE",
            "region": "europe-southwest1",
            "role": "",
            "secondary_ip_range": [],
            "self_link": "https://www.googleapis.com/compute/v1/projects/tfg-asir-2026/regions/europe-southwest1/subnetworks/subred-privada",
            "stack_type": "IPV4_ONLY",
            "timeouts": null
          },
          "sensitive_attributes": [],
          "identity_schema_version": 0,
          "private": "eyJlMmJmYjczMC1lY2FhLTExZTYtOGY4OC0zNDM2M2JjN2M0YzAiOnsiY3JlYXRlIjoxMjAwMDAwMDAwMDAwLCJkZWxldGUiOjEyMDAwMDAwMDAwMDAsInVwZGF0ZSI6MTIwMDAwMDAwMDAwMH19",
          "dependencies": [
            "google_compute_network.vpc_asir"
          ]
        }
      ]
    },
    {
      "mode": "managed",
      "type": "google_compute_subnetwork",
      "name": "subred_publica",
      "provider": "provider[\"registry.terraform.io/hashicorp/google\"]",
      "instances": [
        {
          "schema_version": 0,
          "attributes": {
            "creation_timestamp": "2026-06-02T04:45:34.090-07:00",
            "description": "",
            "external_ipv6_prefix": "",
            "fingerprint": null,
            "gateway_address": "10.0.1.1",
            "id": "projects/tfg-asir-2026/regions/europe-southwest1/subnetworks/subred-publica",
            "internal_ipv6_prefix": "",
            "ip_cidr_range": "10.0.1.0/24",
            "ipv6_access_type": "",
            "ipv6_cidr_range": "",
            "log_config": [],
            "name": "subred-publica",
            "network": "https://www.googleapis.com/compute/v1/projects/tfg-asir-2026/global/networks/vpc-proyecto-asir",
            "private_ip_google_access": false,
            "private_ipv6_google_access": "DISABLE_GOOGLE_ACCESS",
            "project": "tfg-asir-2026",
            "purpose": "PRIVATE",
            "region": "europe-southwest1",
            "role": "",
            "secondary_ip_range": [],
            "self_link": "https://www.googleapis.com/compute/v1/projects/tfg-asir-2026/regions/europe-southwest1/subnetworks/subred-publica",
            "stack_type": "IPV4_ONLY",
            "timeouts": null
          },
          "sensitive_attributes": [],
          "identity_schema_version": 0,
          "private": "eyJlMmJmYjczMC1lY2FhLTExZTYtOGY4OC0zNDM2M2JjN2M0YzAiOnsiY3JlYXRlIjoxMjAwMDAwMDAwMDAwLCJkZWxldGUiOjEyMDAwMDAwMDAwMDAsInVwZGF0ZSI6MTIwMDAwMDAwMDAwMH19",
          "dependencies": [
            "google_compute_network.vpc_asir"
          ]
        }
      ]
    }
  ],
  "check_results": null
}
