{
  "version": 4,
  "terraform_version": "1.15.5",
  "serial": 89,
  "lineage": "2898fa47-602f-e188-6795-d51b2f3ad059",
  "outputs": {},
  "resources": [
    {
      "mode": "managed",
      "type": "google_compute_firewall",
      "name": "allow_internal_db",
      "provider": "provider[\"registry.terraform.io/hashicorp/google\"]",
      "instances": [
        {
          "schema_version": 1,
          "attributes": {
            "allow": [
              {
                "ports": [
                  "3306"
                ],
                "protocol": "tcp"
              }
            ],
            "creation_timestamp": "2026-06-01T11:27:07.205-07:00",
            "deny": [],
            "description": "",
            "destination_ranges": [],
            "direction": "INGRESS",
            "disabled": false,
            "enable_logging": null,
            "id": "projects/tfg-asir-2026/global/firewalls/permitir-db-interna",
            "log_config": [],
            "name": "permitir-db-interna",
            "network": "https://www.googleapis.com/compute/v1/projects/tfg-asir-2026/global/networks/vpc-proyecto-asir",
            "priority": 1000,
            "project": "tfg-asir-2026",
            "self_link": "https://www.googleapis.com/compute/v1/projects/tfg-asir-2026/global/firewalls/permitir-db-interna",
            "source_ranges": [
              "10.0.1.0/24"
            ],
            "source_service_accounts": null,
            "source_tags": null,
            "target_service_accounts": null,
            "target_tags": [
              "base-datos"
            ],
            "timeouts": null
          },
          "sensitive_attributes": [],
          "identity_schema_version": 0,
          "private": "eyJlMmJmYjczMC1lY2FhLTExZTYtOGY4OC0zNDM2M2JjN2M0YzAiOnsiY3JlYXRlIjoxMjAwMDAwMDAwMDAwLCJkZWxldGUiOjEyMDAwMDAwMDAwMDAsInVwZGF0ZSI6MTIwMDAwMDAwMDAwMH0sInNjaGVtYV92ZXJzaW9uIjoiMSJ9",
          "dependencies": [
            "google_compute_network.vpc_asir"
          ]
        }
      ]
    },
    {
      "mode": "managed",
      "type": "google_compute_firewall",
      "name": "allow_ssh",
      "provider": "provider[\"registry.terraform.io/hashicorp/google\"]",
      "instances": [
        {
          "schema_version": 1,
          "attributes": {
            "allow": [
              {
                "ports": [
                  "22"
                ],
                "protocol": "tcp"
              }
            ],
            "creation_timestamp": "2026-06-01T11:27:07.030-07:00",
            "deny": [],
            "description": "",
            "destination_ranges": [],
            "direction": "INGRESS",
            "disabled": false,
            "enable_logging": null,
            "id": "projects/tfg-asir-2026/global/firewalls/permitir-ssh",
            "log_config": [],
            "name": "permitir-ssh",
            "network": "https://www.googleapis.com/compute/v1/projects/tfg-asir-2026/global/networks/vpc-proyecto-asir",
            "priority": 1000,
            "project": "tfg-asir-2026",
            "self_link": "https://www.googleapis.com/compute/v1/projects/tfg-asir-2026/global/firewalls/permitir-ssh",
            "source_ranges": [
              "0.0.0.0/0"
            ],
            "source_service_accounts": null,
            "source_tags": null,
            "target_service_accounts": null,
            "target_tags": null,
            "timeouts": null
          },
          "sensitive_attributes": [],
          "identity_schema_version": 0,
          "private": "eyJlMmJmYjczMC1lY2FhLTExZTYtOGY4OC0zNDM2M2JjN2M0YzAiOnsiY3JlYXRlIjoxMjAwMDAwMDAwMDAwLCJkZWxldGUiOjEyMDAwMDAwMDAwMDAsInVwZGF0ZSI6MTIwMDAwMDAwMDAwMH0sInNjaGVtYV92ZXJzaW9uIjoiMSJ9",
          "dependencies": [
            "google_compute_network.vpc_asir"
          ]
        }
      ]
    },
    {
      "mode": "managed",
      "type": "google_compute_firewall",
      "name": "allow_web",
      "provider": "provider[\"registry.terraform.io/hashicorp/google\"]",
      "instances": [
        {
          "schema_version": 1,
          "attributes": {
            "allow": [
              {
                "ports": [
                  "80",
                  "443"
                ],
                "protocol": "tcp"
              }
            ],
            "creation_timestamp": "2026-06-01T11:27:06.965-07:00",
            "deny": [],
            "description": "",
            "destination_ranges": [],
            "direction": "INGRESS",
            "disabled": false,
            "enable_logging": null,
            "id": "projects/tfg-asir-2026/global/firewalls/permitir-web",
            "log_config": [],
            "name": "permitir-web",
            "network": "https://www.googleapis.com/compute/v1/projects/tfg-asir-2026/global/networks/vpc-proyecto-asir",
            "priority": 1000,
            "project": "tfg-asir-2026",
            "self_link": "https://www.googleapis.com/compute/v1/projects/tfg-asir-2026/global/firewalls/permitir-web",
            "source_ranges": [
              "0.0.0.0/0"
            ],
            "source_service_accounts": null,
            "source_tags": null,
            "target_service_accounts": null,
            "target_tags": [
              "servidor-web"
            ],
            "timeouts": null
          },
          "sensitive_attributes": [],
          "identity_schema_version": 0,
          "private": "eyJlMmJmYjczMC1lY2FhLTExZTYtOGY4OC0zNDM2M2JjN2M0YzAiOnsiY3JlYXRlIjoxMjAwMDAwMDAwMDAwLCJkZWxldGUiOjEyMDAwMDAwMDAwMDAsInVwZGF0ZSI6MTIwMDAwMDAwMDAwMH0sInNjaGVtYV92ZXJzaW9uIjoiMSJ9",
          "dependencies": [
            "google_compute_network.vpc_asir"
          ]
        }
      ]
    },
    {
      "mode": "managed",
      "type": "google_compute_instance",
      "name": "base_datos",
      "provider": "provider[\"registry.terraform.io/hashicorp/google\"]",
      "instances": [
        {
          "schema_version": 6,
          "attributes": {
            "advanced_machine_features": [],
            "allow_stopping_for_update": null,
            "attached_disk": [],
            "boot_disk": [
              {
                "auto_delete": true,
                "device_name": "persistent-disk-0",
                "disk_encryption_key_raw": "",
                "disk_encryption_key_sha256": "",
                "initialize_params": [
                  {
                    "image": "https://www.googleapis.com/compute/v1/projects/debian-cloud/global/images/debian-11-bullseye-v20260528",
                    "labels": {},
                    "resource_manager_tags": null,
                    "size": 10,
                    "type": "pd-standard"
                  }
                ],
                "kms_key_self_link": "",
                "mode": "READ_WRITE",
                "source": "https://www.googleapis.com/compute/v1/projects/tfg-asir-2026/zones/europe-southwest1-a/disks/servidor-db-asir"
              }
            ],
            "can_ip_forward": false,
            "confidential_instance_config": [],
            "cpu_platform": "Intel Broadwell",
            "current_status": "RUNNING",
            "deletion_protection": false,
            "description": "",
            "desired_status": null,
            "enable_display": false,
            "guest_accelerator": [],
            "hostname": "",
            "id": "projects/tfg-asir-2026/zones/europe-southwest1-a/instances/servidor-db-asir",
            "instance_id": "4848844129745007102",
            "label_fingerprint": "42WmSpB8rSM=",
            "labels": null,
            "machine_type": "e2-micro",
            "metadata": null,
            "metadata_fingerprint": "bv188MKdQMQ=",
            "metadata_startup_script": "#!/bin/bash\ntimedatectl set-timezone Europe/Madrid\napt-get update\napt-get install -y mariadb-server\n\nsed -i 's/bind-address.*/bind-address = 0.0.0.0/' /etc/mysql/mariadb.conf.d/50-server.cnf\nsystemctl restart mariadb\nsystemctl enable mariadb\n\nmysql -e \"CREATE DATABASE IF NOT EXISTS tfg_db;\"\nmysql -e \"CREATE USER IF NOT EXISTS 'user_tfg'@'%' IDENTIFIED BY 'Password123!';\"\nmysql -e \"GRANT ALL PRIVILEGES ON tfg_db.* TO 'user_tfg'@'%';\"\nmysql -e \"FLUSH PRIVILEGES;\"\n    \nmysql -D tfg_db -e \"CREATE TABLE IF NOT EXISTS invitados (id INT AUTO_INCREMENT PRIMARY KEY, nombre VARCHAR(50), fecha TIMESTAMP DEFAULT CURRENT_TIMESTAMP);\"\nmysql -D tfg_db -e \"INSERT INTO invitados (nombre) VALUES ('Julio Sande (Administrador)'), ('Profesor del Tribunal'), ('Inversor Google Cloud');\"\n",
            "min_cpu_platform": "",
            "name": "servidor-db-asir",
            "network_interface": [
              {
                "access_config": [],
                "alias_ip_range": [],
                "internal_ipv6_prefix_length": 0,
                "ipv6_access_config": [],
                "ipv6_access_type": "",
                "ipv6_address": "",
                "name": "nic0",
                "network": "https://www.googleapis.com/compute/v1/projects/tfg-asir-2026/global/networks/vpc-proyecto-asir",
                "network_ip": "10.0.2.2",
                "nic_type": "",
                "queue_count": 0,
                "stack_type": "IPV4_ONLY",
                "subnetwork": "https://www.googleapis.com/compute/v1/projects/tfg-asir-2026/regions/europe-southwest1/subnetworks/subred-privada",
                "subnetwork_project": "tfg-asir-2026"
              }
            ],
            "network_performance_config": [],
            "params": [],
            "project": "tfg-asir-2026",
            "reservation_affinity": [],
            "resource_policies": null,
            "scheduling": [
              {
                "automatic_restart": true,
                "instance_termination_action": "",
                "local_ssd_recovery_timeout": [],
                "min_node_cpus": 0,
                "node_affinities": [],
                "on_host_maintenance": "MIGRATE",
                "preemptible": false,
                "provisioning_model": "STANDARD"
              }
            ],
            "scratch_disk": [],
            "self_link": "https://www.googleapis.com/compute/v1/projects/tfg-asir-2026/zones/europe-southwest1-a/instances/servidor-db-asir",
            "service_account": [],
            "shielded_instance_config": [
              {
                "enable_integrity_monitoring": true,
                "enable_secure_boot": false,
                "enable_vtpm": true
              }
            ],
            "tags": [
              "base-datos"
            ],
            "tags_fingerprint": "FsRtTSxDIPw=",
            "timeouts": null,
            "zone": "europe-southwest1-a"
          },
          "sensitive_attributes": [
            [
              {
                "type": "get_attr",
                "value": "boot_disk"
              },
              {
                "type": "index",
                "value": {
                  "value": 0,
                  "type": "number"
                }
              },
              {
                "type": "get_attr",
                "value": "disk_encryption_key_raw"
              }
            ]
          ],
          "identity_schema_version": 0,
          "private": "eyJlMmJmYjczMC1lY2FhLTExZTYtOGY4OC0zNDM2M2JjN2M0YzAiOnsiY3JlYXRlIjoxMjAwMDAwMDAwMDAwLCJkZWxldGUiOjEyMDAwMDAwMDAwMDAsInVwZGF0ZSI6MTIwMDAwMDAwMDAwMH0sInNjaGVtYV92ZXJzaW9uIjoiNiJ9",
          "dependencies": [
            "google_compute_network.vpc_asir",
            "google_compute_subnetwork.subred_privada"
          ]
        }
      ]
    },
    {
      "mode": "managed",
      "type": "google_compute_instance",
      "name": "servidor_web",
      "provider": "provider[\"registry.terraform.io/hashicorp/google\"]",
      "instances": [
        {
          "schema_version": 6,
          "attributes": {
            "advanced_machine_features": [],
            "allow_stopping_for_update": null,
            "attached_disk": [],
            "boot_disk": [
              {
                "auto_delete": true,
                "device_name": "persistent-disk-0",
                "disk_encryption_key_raw": "",
                "disk_encryption_key_sha256": "",
                "initialize_params": [
                  {
                    "image": "https://www.googleapis.com/compute/v1/projects/debian-cloud/global/images/debian-11-bullseye-v20260528",
                    "labels": {},
                    "resource_manager_tags": null,
                    "size": 10,
                    "type": "pd-standard"
                  }
                ],
                "kms_key_self_link": "",
                "mode": "READ_WRITE",
                "source": "https://www.googleapis.com/compute/v1/projects/tfg-asir-2026/zones/europe-southwest1-a/disks/servidor-web-asir"
              }
            ],
            "can_ip_forward": false,
            "confidential_instance_config": [],
            "cpu_platform": "Intel Broadwell",
            "current_status": "RUNNING",
            "deletion_protection": false,
            "description": "",
            "desired_status": null,
            "enable_display": false,
            "guest_accelerator": [],
            "hostname": "",
            "id": "projects/tfg-asir-2026/zones/europe-southwest1-a/instances/servidor-web-asir",
            "instance_id": "3074847260097409534",
            "label_fingerprint": "42WmSpB8rSM=",
            "labels": null,
            "machine_type": "e2-micro",
            "metadata": null,
            "metadata_fingerprint": "pi8C0LzJSX8=",
            "metadata_startup_script": "#!/bin/bash\ntimedatectl set-timezone Europe/Madrid\napt-get update\napt-get install -y apache2 php libapache2-mod-php php-mysql\nrm -f /var/www/html/index.html\n\ncat \u003c\u003c 'PHP_EOF' \u003e /var/www/html/index.php\n\u003c?php\n// ATENCIÓN: Comprueba que esta es la IP interna correcta de tu Base de Datos\n$servername = \"10.0.2.2\"; \n$username = \"user_tfg\";\n$password = \"Password123!\";\n$dbname = \"tfg_db\";\n\n$conn = new mysqli($servername, $username, $password, $dbname);\nif ($conn-\u003econnect_error) {\n    die(\"\u003cdiv style='color:red; font-family:sans-serif; padding:20px;'\u003e\u003ch1\u003eError 500: Fallo de conexión con el Backend\u003c/h1\u003e\u003cp\u003e\" . $conn-\u003econnect_error . \"\u003c/p\u003e\u003c/div\u003e\");\n}\n?\u003e\n\u003c!DOCTYPE html\u003e\n\u003chtml lang=\"es\"\u003e\n\u003chead\u003e\n    \u003cmeta charset=\"UTF-8\"\u003e\n    \u003ctitle\u003eDashboard TFG - Julio Sande\u003c/title\u003e\n    \u003clink href=\"https://cdn.jsdelivr.net/npm/bootstrap@5.3.0/dist/css/bootstrap.min.css\" rel=\"stylesheet\"\u003e\n    \u003clink rel=\"stylesheet\" href=\"https://cdn.jsdelivr.net/npm/bootstrap-icons@1.10.5/font/bootstrap-icons.css\"\u003e\n\u003c/head\u003e\n\u003cbody class=\"bg-light\"\u003e\n    \u003cnav class=\"navbar navbar-expand-lg navbar-dark bg-dark shadow-sm\"\u003e\n        \u003cdiv class=\"container\"\u003e\n            \u003ca class=\"navbar-brand\" href=\"#\"\u003e\u003ci class=\"bi bi-cloud-check-fill text-success\"\u003e\u003c/i\u003e Infraestructura Cloud - Julio Sande\u003c/a\u003e\n        \u003c/div\u003e\n    \u003c/nav\u003e\n        \n    \u003cdiv class=\"container mt-5\"\u003e\n        \u003cdiv class=\"row mb-4\"\u003e\n            \u003cdiv class=\"col-12\"\u003e\n                \u003ch2 class=\"text-secondary\"\u003ePanel de Control (Frontend Web)\u003c/h2\u003e\n                \u003cp class=\"text-muted\"\u003eDesplegado de forma 100% automatizada mediante Terraform\u003c/p\u003e\n            \u003c/div\u003e\n        \u003c/div\u003e\n\n        \u003cdiv class=\"row\"\u003e\n            \u003cdiv class=\"col-md-4 mb-4\"\u003e\n                \u003cdiv class=\"card shadow-sm border-0 h-100\"\u003e\n                    \u003cdiv class=\"card-body\"\u003e\n                        \u003ch5 class=\"card-title text-primary\"\u003e\u003ci class=\"bi bi-hdd-network\"\u003e\u003c/i\u003e Estado del Backend\u003c/h5\u003e\n                        \u003chr\u003e\n                        \u003cp class=\"card-text\"\u003e\u003cstrong\u003eIP Privada DB:\u003c/strong\u003e \u003cspan class=\"badge bg-secondary\"\u003e\u003c?php echo $servername; ?\u003e\u003c/span\u003e\u003c/p\u003e\n                        \u003cp class=\"card-text\"\u003e\u003cstrong\u003eBase de Datos:\u003c/strong\u003e \u003cspan class=\"badge bg-info text-dark\"\u003etfg_db\u003c/span\u003e\u003c/p\u003e\n                        \u003cp class=\"card-text\"\u003e\u003cstrong\u003eConexión:\u003c/strong\u003e \u003cspan class=\"badge bg-success\"\u003eActiva / Estable\u003c/span\u003e\u003c/p\u003e\n                    \u003c/div\u003e\n                \u003c/div\u003e\n            \u003c/div\u003e\n\n            \u003cdiv class=\"col-md-8 mb-4\"\u003e\n                \u003cdiv class=\"card shadow-sm border-0 h-100\"\u003e\n                    \u003cdiv class=\"card-header bg-white border-0 pt-4 pb-0\"\u003e\n                        \u003ch5 class=\"text-secondary\"\u003e\u003ci class=\"bi bi-people-fill\"\u003e\u003c/i\u003e Registros de la Base de Datos\u003c/h5\u003e\n                    \u003c/div\u003e\n                    \u003cdiv class=\"card-body\"\u003e\n                        \u003cdiv class=\"table-responsive\"\u003e\n                            \u003ctable class=\"table table-hover align-middle\"\u003e\n                                \u003cthead class=\"table-light\"\u003e\n                                    \u003ctr\u003e\n                                        \u003cth\u003eID\u003c/th\u003e\n                                        \u003cth\u003eNombre del Invitado\u003c/th\u003e\n                                        \u003cth\u003eFecha de Registro\u003c/th\u003e\n                                    \u003c/tr\u003e\n                                \u003c/thead\u003e\n                                \u003ctbody\u003e\n                                    \u003c?php\n                                    $sql = \"SELECT id, nombre, fecha FROM invitados\";\n                                    $result = $conn-\u003equery($sql);\n                                    if ($result-\u003enum_rows \u003e 0) {\n                                        while($row = $result-\u003efetch_assoc()) {\n                                            echo \"\u003ctr\u003e\";\n                                            echo \"\u003ctd\u003e\u003cspan class='badge bg-light text-dark border'\u003e\" . $row[\"id\"] . \"\u003c/span\u003e\u003c/td\u003e\";\n                                            echo \"\u003ctd\u003e\u003cstrong\u003e\" . $row[\"nombre\"] . \"\u003c/strong\u003e\u003c/td\u003e\";\n                                            echo \"\u003ctd class='text-muted'\u003e\u003ci class='bi bi-clock'\u003e\u003c/i\u003e \" . $row[\"fecha\"] . \"\u003c/td\u003e\";\n                                            echo \"\u003c/tr\u003e\";\n                                        }\n                                    } else {\n                                        echo \"\u003ctr\u003e\u003ctd colspan='3' class='text-center'\u003eNo hay registros\u003c/td\u003e\u003c/tr\u003e\";\n                                    }\n                                    $conn-\u003eclose();\n                                    ?\u003e\n                                \u003c/tbody\u003e\n                            \u003c/table\u003e\n                        \u003c/div\u003e\n                    \u003c/div\u003e\n                \u003c/div\u003e\n            \u003c/div\u003e\n        \u003c/div\u003e\n    \u003c/div\u003e\n\u003c/body\u003e\n\u003c/html\u003e\nPHP_EOF\n\nsystemctl restart apache2\n",
            "min_cpu_platform": "",
            "name": "servidor-web-asir",
            "network_interface": [
              {
                "access_config": [
                  {
                    "nat_ip": "34.175.27.149",
                    "network_tier": "PREMIUM",
                    "public_ptr_domain_name": ""
                  }
                ],
                "alias_ip_range": [],
                "internal_ipv6_prefix_length": 0,
                "ipv6_access_config": [],
                "ipv6_access_type": "",
                "ipv6_address": "",
                "name": "nic0",
                "network": "https://www.googleapis.com/compute/v1/projects/tfg-asir-2026/global/networks/vpc-proyecto-asir",
                "network_ip": "10.0.1.2",
                "nic_type": "",
                "queue_count": 0,
                "stack_type": "IPV4_ONLY",
                "subnetwork": "https://www.googleapis.com/compute/v1/projects/tfg-asir-2026/regions/europe-southwest1/subnetworks/subred-publica",
                "subnetwork_project": "tfg-asir-2026"
              }
            ],
            "network_performance_config": [],
            "params": [],
            "project": "tfg-asir-2026",
            "reservation_affinity": [],
            "resource_policies": null,
            "scheduling": [
              {
                "automatic_restart": true,
                "instance_termination_action": "",
                "local_ssd_recovery_timeout": [],
                "min_node_cpus": 0,
                "node_affinities": [],
                "on_host_maintenance": "MIGRATE",
                "preemptible": false,
                "provisioning_model": "STANDARD"
              }
            ],
            "scratch_disk": [],
            "self_link": "https://www.googleapis.com/compute/v1/projects/tfg-asir-2026/zones/europe-southwest1-a/instances/servidor-web-asir",
            "service_account": [],
            "shielded_instance_config": [
              {
                "enable_integrity_monitoring": true,
                "enable_secure_boot": false,
                "enable_vtpm": true
              }
            ],
            "tags": [
              "servidor-web"
            ],
            "tags_fingerprint": "5CR-LlH8X8c=",
            "timeouts": null,
            "zone": "europe-southwest1-a"
          },
          "sensitive_attributes": [
            [
              {
                "type": "get_attr",
                "value": "boot_disk"
              },
              {
                "type": "index",
                "value": {
                  "value": 0,
                  "type": "number"
                }
              },
              {
                "type": "get_attr",
                "value": "disk_encryption_key_raw"
              }
            ]
          ],
          "identity_schema_version": 0,
          "private": "eyJlMmJmYjczMC1lY2FhLTExZTYtOGY4OC0zNDM2M2JjN2M0YzAiOnsiY3JlYXRlIjoxMjAwMDAwMDAwMDAwLCJkZWxldGUiOjEyMDAwMDAwMDAwMDAsInVwZGF0ZSI6MTIwMDAwMDAwMDAwMH0sInNjaGVtYV92ZXJzaW9uIjoiNiJ9",
          "dependencies": [
            "google_compute_network.vpc_asir",
            "google_compute_subnetwork.subred_publica"
          ]
        }
      ]
    },
    {
      "mode": "managed",
      "type": "google_compute_network",
      "name": "vpc_asir",
      "provider": "provider[\"registry.terraform.io/hashicorp/google\"]",
      "instances": [
        {
          "schema_version": 0,
          "attributes": {
            "auto_create_subnetworks": false,
            "delete_default_routes_on_create": false,
            "description": "",
            "enable_ula_internal_ipv6": false,
            "gateway_ipv4": "",
            "id": "projects/tfg-asir-2026/global/networks/vpc-proyecto-asir",
            "internal_ipv6_range": "",
            "mtu": 0,
            "name": "vpc-proyecto-asir",
            "network_firewall_policy_enforcement_order": "AFTER_CLASSIC_FIREWALL",
            "project": "tfg-asir-2026",
            "routing_mode": "REGIONAL",
            "self_link": "https://www.googleapis.com/compute/v1/projects/tfg-asir-2026/global/networks/vpc-proyecto-asir",
            "timeouts": null
          },
          "sensitive_attributes": [],
          "identity_schema_version": 0,
          "private": "eyJlMmJmYjczMC1lY2FhLTExZTYtOGY4OC0zNDM2M2JjN2M0YzAiOnsiY3JlYXRlIjoxMjAwMDAwMDAwMDAwLCJkZWxldGUiOjEyMDAwMDAwMDAwMDAsInVwZGF0ZSI6MTIwMDAwMDAwMDAwMH19"
        }
      ]
    },
    {
      "mode": "managed",
      "type": "google_compute_router",
      "name": "router",
      "provider": "provider[\"registry.terraform.io/hashicorp/google\"]",
      "instances": [
        {
          "schema_version": 0,
          "attributes": {
            "bgp": [],
            "creation_timestamp": "2026-06-01T11:27:07.238-07:00",
            "description": "",
            "encrypted_interconnect_router": false,
            "id": "projects/tfg-asir-2026/regions/europe-southwest1/routers/router-proyecto-asir",
            "name": "router-proyecto-asir",
            "network": "https://www.googleapis.com/compute/v1/projects/tfg-asir-2026/global/networks/vpc-proyecto-asir",
            "project": "tfg-asir-2026",
            "region": "europe-southwest1",
            "self_link": "https://www.googleapis.com/compute/v1/projects/tfg-asir-2026/regions/europe-southwest1/routers/router-proyecto-asir",
            "timeouts": null
          },
          "sensitive_attributes": [],
          "identity_schema_version": 0,
          "private": "eyJlMmJmYjczMC1lY2FhLTExZTYtOGY4OC0zNDM2M2JjN2M0YzAiOnsiY3JlYXRlIjoxMjAwMDAwMDAwMDAwLCJkZWxldGUiOjEyMDAwMDAwMDAwMDAsInVwZGF0ZSI6MTIwMDAwMDAwMDAwMH19",
          "dependencies": [
            "google_compute_network.vpc_asir"
          ]
        }
      ]
    },
    {
      "mode": "managed",
      "type": "google_compute_router_nat",
      "name": "nat",
      "provider": "provider[\"registry.terraform.io/hashicorp/google\"]",
      "instances": [
        {
          "schema_version": 0,
          "attributes": {
            "drain_nat_ips": null,
            "enable_dynamic_port_allocation": false,
            "enable_endpoint_independent_mapping": true,
            "icmp_idle_timeout_sec": 30,
            "id": "tfg-asir-2026/europe-southwest1/router-proyecto-asir/nat-proyecto-asir",
            "log_config": [],
            "max_ports_per_vm": 0,
            "min_ports_per_vm": 0,
            "name": "nat-proyecto-asir",
            "nat_ip_allocate_option": "AUTO_ONLY",
            "nat_ips": null,
            "project": "tfg-asir-2026",
            "region": "europe-southwest1",
            "router": "router-proyecto-asir",
            "rules": [],
            "source_subnetwork_ip_ranges_to_nat": "LIST_OF_SUBNETWORKS",
            "subnetwork": [
              {
                "name": "projects/tfg-asir-2026/regions/europe-southwest1/subnetworks/subred-privada",
                "secondary_ip_range_names": [],
                "source_ip_ranges_to_nat": [
                  "ALL_IP_RANGES"
                ]
              }
            ],
            "tcp_established_idle_timeout_sec": 1200,
            "tcp_time_wait_timeout_sec": 120,
            "tcp_transitory_idle_timeout_sec": 30,
            "timeouts": null,
            "udp_idle_timeout_sec": 30
          },
          "sensitive_attributes": [],
          "identity_schema_version": 0,
          "private": "eyJlMmJmYjczMC1lY2FhLTExZTYtOGY4OC0zNDM2M2JjN2M0YzAiOnsiY3JlYXRlIjoxMjAwMDAwMDAwMDAwLCJkZWxldGUiOjEyMDAwMDAwMDAwMDAsInVwZGF0ZSI6MTIwMDAwMDAwMDAwMH19",
          "dependencies": [
            "google_compute_network.vpc_asir",
            "google_compute_router.router",
            "google_compute_subnetwork.subred_privada"
          ]
        }
      ]
    },
    {
      "mode": "managed",
      "type": "google_compute_subnetwork",
      "name": "subred_privada",
      "provider": "provider[\"registry.terraform.io/hashicorp/google\"]",
      "instances": [
        {
          "schema_version": 0,
          "attributes": {
            "creation_timestamp": "2026-06-01T11:27:07.368-07:00",
            "description": "",
            "external_ipv6_prefix": "",
            "fingerprint": null,
            "gateway_address": "10.0.2.1",
            "id": "projects/tfg-asir-2026/regions/europe-southwest1/subnetworks/subred-privada",
            "internal_ipv6_prefix": "",
            "ip_cidr_range": "10.0.2.0/24",
            "ipv6_access_type": "",
            "ipv6_cidr_range": "",
            "log_config": [],
            "name": "subred-privada",
            "network": "https://www.googleapis.com/compute/v1/projects/tfg-asir-2026/global/networks/vpc-proyecto-asir",
            "private_ip_google_access": false,
            "private_ipv6_google_access": "DISABLE_GOOGLE_ACCESS",
            "project": "tfg-asir-2026",
            "purpose": "PRIVATE",
            "region": "europe-southwest1",
            "role": "",
            "secondary_ip_range": [],
            "self_link": "https://www.googleapis.com/compute/v1/projects/tfg-asir-2026/regions/europe-southwest1/subnetworks/subred-privada",
            "stack_type": "IPV4_ONLY",
            "timeouts": null
          },
          "sensitive_attributes": [],
          "identity_schema_version": 0,
          "private": "eyJlMmJmYjczMC1lY2FhLTExZTYtOGY4OC0zNDM2M2JjN2M0YzAiOnsiY3JlYXRlIjoxMjAwMDAwMDAwMDAwLCJkZWxldGUiOjEyMDAwMDAwMDAwMDAsInVwZGF0ZSI6MTIwMDAwMDAwMDAwMH19",
          "dependencies": [
            "google_compute_network.vpc_asir"
          ]
        }
      ]
    },
    {
      "mode": "managed",
      "type": "google_compute_subnetwork",
      "name": "subred_publica",
      "provider": "provider[\"registry.terraform.io/hashicorp/google\"]",
      "instances": [
        {
          "schema_version": 0,
          "attributes": {
            "creation_timestamp": "2026-06-01T11:27:07.397-07:00",
            "description": "",
            "external_ipv6_prefix": "",
            "fingerprint": null,
            "gateway_address": "10.0.1.1",
            "id": "projects/tfg-asir-2026/regions/europe-southwest1/subnetworks/subred-publica",
            "internal_ipv6_prefix": "",
            "ip_cidr_range": "10.0.1.0/24",
            "ipv6_access_type": "",
            "ipv6_cidr_range": "",
            "log_config": [],
            "name": "subred-publica",
            "network": "https://www.googleapis.com/compute/v1/projects/tfg-asir-2026/global/networks/vpc-proyecto-asir",
            "private_ip_google_access": false,
            "private_ipv6_google_access": "DISABLE_GOOGLE_ACCESS",
            "project": "tfg-asir-2026",
            "purpose": "PRIVATE",
            "region": "europe-southwest1",
            "role": "",
            "secondary_ip_range": [],
            "self_link": "https://www.googleapis.com/compute/v1/projects/tfg-asir-2026/regions/europe-southwest1/subnetworks/subred-publica",
            "stack_type": "IPV4_ONLY",
            "timeouts": null
          },
          "sensitive_attributes": [],
          "identity_schema_version": 0,
          "private": "eyJlMmJmYjczMC1lY2FhLTExZTYtOGY4OC0zNDM2M2JjN2M0YzAiOnsiY3JlYXRlIjoxMjAwMDAwMDAwMDAwLCJkZWxldGUiOjEyMDAwMDAwMDAwMDAsInVwZGF0ZSI6MTIwMDAwMDAwMDAwMH19",
          "dependencies": [
            "google_compute_network.vpc_asir"
          ]
        }
      ]
    }
  ],
  "check_results": null
}
